
Microsoft Visual Studio Solution File, Format Version 12.00
# Visual Studio 15
VisualStudioVersion = 15.0.28307.421
MinimumVisualStudioVersion = 10.0.40219.1
Project("{FAE04EC0-301F-11D3-BF4B-00C04F79EFBC}") = "Quadratic_Equation", "Quadratic_Equation\Quadratic_Equation.csproj", "{ABBCBD05-A7AB-4F57-A57D-6907FEFB76A2}"
EndProject
Global
	GlobalSection(SolutionConfigurationPlatforms) = preSolution
		Debug|Any CPU = Debug|Any CPU
		Release|Any CPU = Release|Any CPU
	EndGlobalSection
	GlobalSection(ProjectConfigurationPlatforms) = postSolution
		{ABBCBD05-A7AB-4F57-A57D-6907FEFB76A2}.Debug|Any CPU.ActiveCfg = Debug|Any CPU
		{ABBCBD05-A7AB-4F57-A57D-6907FEFB76A2}.Debug|Any CPU.Build.0 = Debug|Any CPU
		{ABBCBD05-A7AB-4F57-A57D-6907FEFB76A2}.Release|Any CPU.ActiveCfg = Release|Any CPU
		{ABBCBD05-A7AB-4F57-A57D-6907FEFB76A2}.Release|Any CPU.Build.0 = Release|Any CPU
	EndGlobalSection
	GlobalSection(SolutionProperties) = preSolution
		HideSolutionNode = FALSE
	EndGlobalSection
	GlobalSection(ExtensibilityGlobals) = postSolution
		SolutionGuid = {1F7B3E12-9271-4139-A374-3EC3812405AF}
	EndGlobalSection
EndGlobal
